
Microsoft Visual Studio Solution File, Format Version 12.00
# Visual Studio Version 17
VisualStudioVersion = 17.4.33213.308
MinimumVisualStudioVersion = 10.0.40219.1
Project("{FAE04EC0-301F-11D3-BF4B-00C04F79EFBC}") = "ManualLinkedList", "ManualLinkedList\ManualLinkedList.csproj", "{9C8B12BF-97C7-40AD-B112-BA0C9B1E31F7}"
EndProject
Global
	GlobalSection(SolutionConfigurationPlatforms) = preSolution
		Debug|Any CPU = Debug|Any CPU
		Release|Any CPU = Release|Any CPU
	EndGlobalSection
	GlobalSection(ProjectConfigurationPlatforms) = postSolution
		{9C8B12BF-97C7-40AD-B112-BA0C9B1E31F7}.Debug|Any CPU.ActiveCfg = Debug|Any CPU
		{9C8B12BF-97C7-40AD-B112-BA0C9B1E31F7}.Debug|Any CPU.Build.0 = Debug|Any CPU
		{9C8B12BF-97C7-40AD-B112-BA0C9B1E31F7}.Release|Any CPU.ActiveCfg = Release|Any CPU
		{9C8B12BF-97C7-40AD-B112-BA0C9B1E31F7}.Release|Any CPU.Build.0 = Release|Any CPU
	EndGlobalSection
	GlobalSection(SolutionProperties) = preSolution
		HideSolutionNode = FALSE
	EndGlobalSection
	GlobalSection(ExtensibilityGlobals) = postSolution
		SolutionGuid = {91604653-EE19-47DB-9622-FC135B9FECC1}
	EndGlobalSection
EndGlobal
